version = 1
revision = 3
requires-python = ">=3.10"
resolution-markers = [
    "python_full_version >= '3.12'",
    "python_full_version < '3.12'",
]

[[package]]
name = "asgiref"
version = "3.11.1"
source = { registry = "https://pypi.org/simple" }
dependencies = [
    { name = "typing-extensions", marker = "python_full_version < '3.11'" },
]
sdist = { url = "https://files.pythonhosted.org/packages/63/40/f03da1264ae8f7cfdbf9146542e5e7e8100a4c66ab48e791df9a03d3f6c0/asgiref-3.11.1.tar.gz", hash = "sha256:5f184dc43b7e763efe848065441eac62229c9f7b0475f41f80e207a114eda4ce", size = 38550, upload-time = "2026-02-03T13:30:14.33Z" }
wheels = [
    { url = "https://files.pythonhosted.org/packages/5c/0a/a72d10ed65068e115044937873362e6e32fab1b7dce0046aeb224682c989/asgiref-3.11.1-py3-none-any.whl", hash = "sha256:e8667a091e69529631969fd45dc268fa79b99c92c5fcdda727757e52146ec133", size = 24345, upload-time = "2026-02-03T13:30:13.039Z" },
]

[[package]]
name = "django"
version = "5.2.16"
source = { registry = "https://pypi.org/simple" }
dependencies = [
    { name = "asgiref" },
    { name = "sqlparse" },
    { name = "tzdata", marker = "sys_platform == 'win32'" },
]
sdist = { url = "https://files.pythonhosted.org/packages/a9/26/889449d521ae508b26de715954faecd8bcf3f740affb81b2d146a83b42a5/django-5.2.16.tar.gz", hash = "sha256:59ea02020c3136fce14bef0bbece21a10a4febef5eed1c51c22ae468efa22200", size = 10890894, upload-time = "2026-07-07T13:52:17.005Z" }
wheels = [
    { url = "https://files.pythonhosted.org/packages/4e/13/1e5e3e4c15dcecb04281b3cb2a46a4670e1cef131068e202f6040df19224/django-5.2.16-py3-none-any.whl", hash = "sha256:04f354bf9d807a86ad1a8392fe3808d362358a8eafc322848e0e43e59b24371d", size = 8311943, upload-time = "2026-07-07T13:52:11.223Z" },
]

[[package]]
name = "django-structured-data"
version = "0.14.0"
source = { editable = "." }
dependencies = [
    { name = "django" },
]

[package.dev-dependencies]
dev = [
    { name = "ruff" },
]

[package.metadata]
requires-dist = [{ name = "django", specifier = ">=5.2" }]

[package.metadata.requires-dev]
dev = [{ name = "ruff", specifier = ">=0.15" }]

[[package]]
name = "ruff"
version = "0.16.4"
source = { registry = "https://pypi.org/simple" }
sdist = { url = "https://files.pythonhosted.org/packages/00/8f/d8074b1f25e003164087a8bfe79a0f1a3945135764dbb6aaab04103dcaf9/ruff-0.16.4.tar.gz", hash = "sha256:13171aa9d9af2240ee3504e639de73122c67e74036de5ba2e1d01422cd17e3dc", size = 4899731, upload-time = "2026-08-20T17:43:59.196Z" }
wheels = [
    { url = "https://files.pythonhosted.org/packages/ff/80/779895ef584e089d22f2c6df0d0e99a65ec2df0805f1fffd439415b8c1f0/ruff-0.16.4-py3-none-linux_armv6l.whl", hash = "sha256:df4075f71ddac40b9934af60c3ec8a53047dd5a5fdc43224e6e4e8e9a27cb6f7", size = 10006909, upload-time = "2026-08-20T17:43:16.888Z" },
    { url = "https://files.pythonhosted.org/packages/a9/e6/f553199b5e8927a05cb5c422d921fd0656b29ab976e91c44802107c6b0da/ruff-0.16.4-py3-none-macosx_10_12_x86_64.whl", hash = "sha256:0c95538517af68004306b0fb3214ff2f2af67a65092aee77cd9eb86db6656604", size = 10240201, upload-time = "2026-08-20T17:43:19.337Z" },
    { url = "https://files.pythonhosted.org/packages/1c/70/4a6dc4bb34da4dee35e30f09bbd1bfbdd26f33b62fb9b8df31f08a199cd2/ruff-0.16.4-py3-none-macosx_11_0_arm64.whl", hash = "sha256:963f83df8e69e575b64d67dd447ebbc917db41a14bf38d4593a4183e7aaa8255", size = 9835122, upload-time = "2026-08-20T17:43:21.708Z" },
    { url = "https://files.pythonhosted.org/packages/24/12/c6e22d686372c15bcb7af99831f1a1be96df696491babf4f24e4f942c527/ruff-0.16.4-py3-none-manylinux_2_17_aarch64.manylinux2014_aarch64.whl", hash = "sha256:32a5057c7ff3f6e6480a48fccfb3a412a690f48a3d03ac5cf08177d6c2da3ade", size = 9977162, upload-time = "2026-08-20T17:43:24.236Z" },
    { url = "https://files.pythonhosted.org/packages/46/49/72b10ec912f5ab5854992eaf7aa7cd36729b6937d9dc4e0fb41b3bf428ec/ruff-0.16.4-py3-none-manylinux_2_17_armv7l.manylinux2014_armv7l.whl", hash = "sha256:b3dce8d9b0c57c265b91885a66a567d8ea1372e8eb4e250fa8e5e3f579e99cff", size = 9829789, upload-time = "2026-08-20T17:43:26.966Z" },
    { url = "https://files.pythonhosted.org/packages/fa/80/0f30e32e7f6ee26edc39075502db9d368d788a44a79b55f763eb4ab03796/ruff-0.16.4-py3-none-manylinux_2_17_i686.manylinux2014_i686.whl", hash = "sha256:7dc651db49283c69f8e72c834eec4fe5573e4c646856aebece0ce385dceb2a80", size = 10527949, upload-time = "2026-08-20T17:43:29.384Z" },
    { url = "https://files.pythonhosted.org/packages/52/3d/86e8ad3542169e56cac3859a343afdb9df2ad54d35a59ce1e67baee83421/ruff-0.16.4-py3-none-manylinux_2_17_ppc64le.manylinux2014_ppc64le.whl", hash = "sha256:3817b87dbcabc92f13b05019257c5b89b5b4d51b5fb20f56fb5235ceb723cd07", size = 11333695, upload-time = "2026-08-20T17:43:31.872Z" },
    { url = "https://files.pythonhosted.org/packages/d0/16/481c29b380c20a0054a8261066665e1b3488e23636c49d0a43e75975b9bb/ruff-0.16.4-py3-none-manylinux_2_17_s390x.manylinux2014_s390x.whl", hash = "sha256:e9fce1499134b2c8c68e5166f95705a5812062bb93aacc5f9873bb1a27084bc7", size = 10727741, upload-time = "2026-08-20T17:43:34.596Z" },
    { url = "https://files.pythonhosted.org/packages/5e/b6/56bc0b8cf45b54b28b3a5e6381c8945d51b5b18adf659454c32295209a31/ruff-0.16.4-py3-none-manylinux_2_17_x86_64.manylinux2014_x86_64.whl", hash = "sha256:f2d812e482f5a7e02eee26cd73d2a37ebbdf47d795ea63ba1b89110ae93e9fb3", size = 10286522, upload-time = "2026-08-20T17:43:37.288Z" },
    { url = "https://files.pythonhosted.org/packages/e8/8b/b345b4fb110f2fbe2bd31eabd271e5e8b3b7e4ee6c0e02f2dc6be78db000/ruff-0.16.4-py3-none-manylinux_2_31_riscv64.whl", hash = "sha256:6baaf984aa7976edf93d3b627fe2d1d22ee94bbca05fa6f90fc76d73924e3454", size = 10584182, upload-time = "2026-08-20T17:43:39.984Z" },
    { url = "https://files.pythonhosted.org/packages/29/e5/827b34041c35f58774a9681a4213994c164fc987800f4dddabcf451da0bf/ruff-0.16.4-py3-none-musllinux_1_2_aarch64.whl", hash = "sha256:bdfcf0b28662eb890372d50f92c283bb94e67e7635ed93c7fd533970acff7b2b", size = 10134195, upload-time = "2026-08-20T17:43:42.351Z" },
    { url = "https://files.pythonhosted.org/packages/0f/10/d0bffcdd6729b87afc82ba0ef377173356a7dc8e972f5179968cf2fdf98c/ruff-0.16.4-py3-none-musllinux_1_2_armv7l.whl", hash = "sha256:b66b02cb9b04f537643cadf5768e5f98dc461890d530cb67113d71c8c76e605d", size = 9825821, upload-time = "2026-08-20T17:43:44.532Z" },
    { url = "https://files.pythonhosted.org/packages/f5/32/0db2a863b796ca62d83e92a07a3ccf00921b14db02059347576a2fda3d4b/ruff-0.16.4-py3-none-musllinux_1_2_i686.whl", hash = "sha256:8528bf9a4b291a60bf02ea453511e8ce6215bd2b982ee80405b66b008b6c30a0", size = 10267658, upload-time = "2026-08-20T17:43:46.989Z" },
    { url = "https://files.pythonhosted.org/packages/b2/a0/fbdeb59e48c6261f523e56c8f12e9c08fbe693786595cc7e3959207a9232/ruff-0.16.4-py3-none-musllinux_1_2_x86_64.whl", hash = "sha256:fbd85d2875fdd67e833213a651f613bbf25303abf6aa822a5121f4531195678d", size = 10697071, upload-time = "2026-08-20T17:43:49.891Z" },
    { url = "https://files.pythonhosted.org/packages/aa/28/0c6dd865859c6d17bc8ccc34cb72b0e02d6c7eb25e8a1e22b5bea681e2c0/ruff-0.16.4-py3-none-win32.whl", hash = "sha256:312769988007aaeb8e189b443ccdd03c0e6374489e053467be6d96518ebff76e", size = 10021687, upload-time = "2026-08-20T17:43:52.281Z" },
    { url = "https://files.pythonhosted.org/packages/a3/03/e724450f621698117f9aa6dd241c94d0274ae96781378dc86745ae29f0e7/ruff-0.16.4-py3-none-win_amd64.whl", hash = "sha256:05d9d27a18c4bcbefada602480ec9e01e0bc949d432e0ced5df77edac195919c", size = 10567657, upload-time = "2026-08-20T17:43:54.78Z" },
    { url = "https://files.pythonhosted.org/packages/0e/fe/da8b9e1347696bb22120b77280ec5ce25d500ca5cb39d5ad6e5c18de19c1/ruff-0.16.4-py3-none-win_arm64.whl", hash = "sha256:a3a61621c9b6f6a89573e938a080e648f1695baa3f58570a3a707bc51ff65a21", size = 10451579, upload-time = "2026-08-20T17:43:57.135Z" },
]

[[package]]
name = "sqlparse"
version = "0.6.0"
source = { registry = "https://pypi.org/simple" }
sdist = { url = "https://files.pythonhosted.org/packages/5f/d3/3f06a1006f2261d1342aefb3c71eed02f5d4ca5bdbecd86ebc12ad38306e/sqlparse-0.6.0.tar.gz", hash = "sha256:113c35c75365ab9cc9c7231d68c6428fb11c085fc8e9eb1ad659b7ddbf6cd2b9", size = 178477, upload-time = "2026-08-13T19:16:06.396Z" }
wheels = [
    { url = "https://files.pythonhosted.org/packages/d9/50/f00935da0ec7cbf325f8dc4f772ae46fbc7b672dd62876e73f0a94adda57/sqlparse-0.6.0-py3-none-any.whl", hash = "sha256:b861c0288ce2fa56209a9a6412d2e066ac664b3873b89c26c9d8415e8e32996f", size = 50070, upload-time = "2026-08-13T19:16:04.062Z" },
]

[[package]]
name = "typing-extensions"
version = "4.15.0"
source = { registry = "https://pypi.org/simple" }
sdist = { url = "https://files.pythonhosted.org/packages/72/94/1a15dd82efb362ac84269196e94cf00f187f7ed21c242792a923cdb1c61f/typing_extensions-4.15.0.tar.gz", hash = "sha256:0cea48d173cc12fa28ecabc3b837ea3cf6f38c6d1136f85cbaaf598984861466", size = 109391, upload-time = "2025-08-25T13:49:26.313Z" }
wheels = [
    { url = "https://files.pythonhosted.org/packages/18/67/36e9267722cc04a6b9f15c7f3441c2363321a3ea07da7ae0c0707beb2a9c/typing_extensions-4.15.0-py3-none-any.whl", hash = "sha256:f0fa19c6845758ab08074a0cfa8b7aecb71c999ca73d62883bc25cc018c4e548", size = 44614, upload-time = "2025-08-25T13:49:24.86Z" },
]

[[package]]
name = "tzdata"
version = "2025.3"
source = { registry = "https://pypi.org/simple" }
sdist = { url = "https://files.pythonhosted.org/packages/5e/a7/c202b344c5ca7daf398f3b8a477eeb205cf3b6f32e7ec3a6bac0629ca975/tzdata-2025.3.tar.gz", hash = "sha256:de39c2ca5dc7b0344f2eba86f49d614019d29f060fc4ebc8a417896a620b56a7", size = 196772, upload-time = "2025-12-13T17:45:35.667Z" }
wheels = [
    { url = "https://files.pythonhosted.org/packages/c7/b0/003792df09decd6849a5e39c28b513c06e84436a54440380862b5aeff25d/tzdata-2025.3-py2.py3-none-any.whl", hash = "sha256:06a47e5700f3081aab02b2e513160914ff0694bce9947d6b76ebd6bf57cfc5d1", size = 348521, upload-time = "2025-12-13T17:45:33.889Z" },
]
